// !$*UTF8*$!
{
	archiveVersion = 1;
	classes = {
	};
	objectVersion = 50;
	objects = {

/* Begin PBXBuildFile section */
		ADA591C926A6D96400CE59E2 /* AppDelegate.swift in Sources */ = {isa = PBXBuildFile; fileRef = ADA591C826A6D96400CE59E2 /* AppDelegate.swift */; };
		ADA591D226A6D96600CE59E2 /* Assets.xcassets in Resources */ = {isa = PBXBuildFile; fileRef = ADA591D126A6D96600CE59E2 /* Assets.xcassets */; };
		ADA591D526A6D96600CE59E2 /* LaunchScreen.storyboard in Resources */ = {isa = PBXBuildFile; fileRef = ADA591D326A6D96600CE59E2 /* LaunchScreen.storyboard */; };
		ADA591E726A6DB4900CE59E2 /* HomeViewController.swift in Sources */ = {isa = PBXBuildFile; fileRef = ADA591E526A6DB4900CE59E2 /* HomeViewController.swift */; };
		ADA591E826A6DB4900CE59E2 /* HomeViewController.xib in Resources */ = {isa = PBXBuildFile; fileRef = ADA591E626A6DB4900CE59E2 /* HomeViewController.xib */; };
		ADA591EB26A6DC5D00CE59E2 /* VideoLooperView.swift in Sources */ = {isa = PBXBuildFile; fileRef = ADA591EA26A6DC5D00CE59E2 /* VideoLooperView.swift */; };
		ADA591F326A6DF0700CE59E2 /* video_app_top_grey_01.mp4 in Resources */ = {isa = PBXBuildFile; fileRef = ADA591F026A6DF0600CE59E2 /* video_app_top_grey_01.mp4 */; };
		ADA591F426A6DF0700CE59E2 /* video_app_coin_grey_01.mp4 in Resources */ = {isa = PBXBuildFile; fileRef = ADA591F126A6DF0600CE59E2 /* video_app_coin_grey_01.mp4 */; };
		ADA591F526A6DF0700CE59E2 /* video_app_letter_grey_01.mp4 in Resources */ = {isa = PBXBuildFile; fileRef = ADA591F226A6DF0700CE59E2 /* video_app_letter_grey_01.mp4 */; };
/* End PBXBuildFile section */

/* Begin PBXFileReference section */
		ADA591C526A6D96400CE59E2 /* Looper.app */ = {isa = PBXFileReference; explicitFileType = wrapper.application; includeInIndex = 0; path = Looper.app; sourceTree = BUILT_PRODUCTS_DIR; };
		ADA591C826A6D96400CE59E2 /* AppDelegate.swift */ = {isa = PBXFileReference; lastKnownFileType = sourcecode.swift; path = AppDelegate.swift; sourceTree = "<group>"; };
		ADA591D126A6D96600CE59E2 /* Assets.xcassets */ = {isa = PBXFileReference; lastKnownFileType = folder.assetcatalog; path = Assets.xcassets; sourceTree = "<group>"; };
		ADA591D426A6D96600CE59E2 /* Base */ = {isa = PBXFileReference; lastKnownFileType = file.storyboard; name = Base; path = Base.lproj/LaunchScreen.storyboard; sourceTree = "<group>"; };
		ADA591D626A6D96600CE59E2 /* Info.plist */ = {isa = PBXFileReference; lastKnownFileType = text.plist.xml; path = Info.plist; sourceTree = "<group>"; };
		ADA591E526A6DB4900CE59E2 /* HomeViewController.swift */ = {isa = PBXFileReference; lastKnownFileType = sourcecode.swift; path = HomeViewController.swift; sourceTree = "<group>"; };
		ADA591E626A6DB4900CE59E2 /* HomeViewController.xib */ = {isa = PBXFileReference; lastKnownFileType = file.xib; path = HomeViewController.xib; sourceTree = "<group>"; };
		ADA591EA26A6DC5D00CE59E2 /* VideoLooperView.swift */ = {isa = PBXFileReference; lastKnownFileType = sourcecode.swift; path = VideoLooperView.swift; sourceTree = "<group>"; };
		ADA591F026A6DF0600CE59E2 /* video_app_top_grey_01.mp4 */ = {isa = PBXFileReference; lastKnownFileType = file; path = video_app_top_grey_01.mp4; sourceTree = "<group>"; };
		ADA591F126A6DF0600CE59E2 /* video_app_coin_grey_01.mp4 */ = {isa = PBXFileReference; lastKnownFileType = file; path = video_app_coin_grey_01.mp4; sourceTree = "<group>"; };
		ADA591F226A6DF0700CE59E2 /* video_app_letter_grey_01.mp4 */ = {isa = PBXFileReference; lastKnownFileType = file; path = video_app_letter_grey_01.mp4; sourceTree = "<group>"; };
/* End PBXFileReference section */

/* Begin PBXFrameworksBuildPhase section */
		ADA591C226A6D96400CE59E2 /* Frameworks */ = {
			isa = PBXFrameworksBuildPhase;
			buildActionMask = 2147483647;
			files = (
			);
			runOnlyForDeploymentPostprocessing = 0;
		};
/* End PBXFrameworksBuildPhase section */

/* Begin PBXGroup section */
		ADA591BC26A6D96400CE59E2 = {
			isa = PBXGroup;
			children = (
				ADA591C726A6D96400CE59E2 /* Looper */,
				ADA591C626A6D96400CE59E2 /* Products */,
			);
			sourceTree = "<group>";
		};
		ADA591C626A6D96400CE59E2 /* Products */ = {
			isa = PBXGroup;
			children = (
				ADA591C526A6D96400CE59E2 /* Looper.app */,
			);
			name = Products;
			sourceTree = "<group>";
		};
		ADA591C726A6D96400CE59E2 /* Looper */ = {
			isa = PBXGroup;
			children = (
				ADA591DD26A6DAB700CE59E2 /* Sources */,
				ADA591DF26A6DAC700CE59E2 /* Resources */,
				ADA591E026A6DACE00CE59E2 /* Others */,
			);
			path = Looper;
			sourceTree = "<group>";
		};
		ADA591DD26A6DAB700CE59E2 /* Sources */ = {
			isa = PBXGroup;
			children = (
				ADA591E126A6DAD900CE59E2 /* Views & Controllers */,
				ADA591C826A6D96400CE59E2 /* AppDelegate.swift */,
			);
			name = Sources;
			sourceTree = "<group>";
		};
		ADA591DF26A6DAC700CE59E2 /* Resources */ = {
			isa = PBXGroup;
			children = (
				ADA591EF26A6DEE600CE59E2 /* Videos */,
				ADA591D326A6D96600CE59E2 /* LaunchScreen.storyboard */,
				ADA591D126A6D96600CE59E2 /* Assets.xcassets */,
			);
			name = Resources;
			sourceTree = "<group>";
		};
		ADA591E026A6DACE00CE59E2 /* Others */ = {
			isa = PBXGroup;
			children = (
				ADA591D626A6D96600CE59E2 /* Info.plist */,
			);
			name = Others;
			sourceTree = "<group>";
		};
		ADA591E126A6DAD900CE59E2 /* Views & Controllers */ = {
			isa = PBXGroup;
			children = (
				ADA591E426A6DB3A00CE59E2 /* Views */,
				ADA591E326A6DB3500CE59E2 /* Home */,
			);
			name = "Views & Controllers";
			sourceTree = "<group>";
		};
		ADA591E326A6DB3500CE59E2 /* Home */ = {
			isa = PBXGroup;
			children = (
				ADA591E526A6DB4900CE59E2 /* HomeViewController.swift */,
				ADA591E626A6DB4900CE59E2 /* HomeViewController.xib */,
			);
			name = Home;
			sourceTree = "<group>";
		};
		ADA591E426A6DB3A00CE59E2 /* Views */ = {
			isa = PBXGroup;
			children = (
				ADA591EA26A6DC5D00CE59E2 /* VideoLooperView.swift */,
			);
			name = Views;
			sourceTree = "<group>";
		};
		ADA591EF26A6DEE600CE59E2 /* Videos */ = {
			isa = PBXGroup;
			children = (
				ADA591F126A6DF0600CE59E2 /* video_app_coin_grey_01.mp4 */,
				ADA591F226A6DF0700CE59E2 /* video_app_letter_grey_01.mp4 */,
				ADA591F026A6DF0600CE59E2 /* video_app_top_grey_01.mp4 */,
			);
			name = Videos;
			sourceTree = "<group>";
		};
/* End PBXGroup section */

/* Begin PBXNativeTarget section */
		ADA591C426A6D96400CE59E2 /* Looper */ = {
			isa = PBXNativeTarget;
			buildConfigurationList = ADA591D926A6D96600CE59E2 /* Build configuration list for PBXNativeTarget "Looper" */;
			buildPhases = (
				ADA591C126A6D96400CE59E2 /* Sources */,
				ADA591C226A6D96400CE59E2 /* Frameworks */,
				ADA591C326A6D96400CE59E2 /* Resources */,
			);
			buildRules = (
			);
			dependencies = (
			);
			name = Looper;
			productName = Looper;
			productReference = ADA591C526A6D96400CE59E2 /* Looper.app */;
			productType = "com.apple.product-type.application";
		};
/* End PBXNativeTarget section */

/* Begin PBXProject section */
		ADA591BD26A6D96400CE59E2 /* Project object */ = {
			isa = PBXProject;
			attributes = {
				LastSwiftUpdateCheck = 1230;
				LastUpgradeCheck = 1230;
				ORGANIZATIONNAME = "Vitaly Berg";
				TargetAttributes = {
					ADA591C426A6D96400CE59E2 = {
						CreatedOnToolsVersion = 12.3;
					};
				};
			};
			buildConfigurationList = ADA591C026A6D96400CE59E2 /* Build configuration list for PBXProject "Looper" */;
			compatibilityVersion = "Xcode 9.3";
			developmentRegion = en;
			hasScannedForEncodings = 0;
			knownRegions = (
				en,
				Base,
			);
			mainGroup = ADA591BC26A6D96400CE59E2;
			productRefGroup = ADA591C626A6D96400CE59E2 /* Products */;
			projectDirPath = "";
			projectRoot = "";
			targets = (
				ADA591C426A6D96400CE59E2 /* Looper */,
			);
		};
/* End PBXProject section */

/* Begin PBXResourcesBuildPhase section */
		ADA591C326A6D96400CE59E2 /* Resources */ = {
			isa = PBXResourcesBuildPhase;
			buildActionMask = 2147483647;
			files = (
				ADA591D526A6D96600CE59E2 /* LaunchScreen.storyboard in Resources */,
				ADA591D226A6D96600CE59E2 /* Assets.xcassets in Resources */,
				ADA591F426A6DF0700CE59E2 /* video_app_coin_grey_01.mp4 in Resources */,
				ADA591F526A6DF0700CE59E2 /* video_app_letter_grey_01.mp4 in Resources */,
				ADA591F326A6DF0700CE59E2 /* video_app_top_grey_01.mp4 in Resources */,
				ADA591E826A6DB4900CE59E2 /* HomeViewController.xib in Resources */,
			);
			runOnlyForDeploymentPostprocessing = 0;
		};
/* End PBXResourcesBuildPhase section */

/* Begin PBXSourcesBuildPhase section */
		ADA591C126A6D96400CE59E2 /* Sources */ = {
			isa = PBXSourcesBuildPhase;
			buildActionMask = 2147483647;
			files = (
				ADA591C926A6D96400CE59E2 /* AppDelegate.swift in Sources */,
				ADA591E726A6DB4900CE59E2 /* HomeViewController.swift in Sources */,
				ADA591EB26A6DC5D00CE59E2 /* VideoLooperView.swift in Sources */,
			);
			runOnlyForDeploymentPostprocessing = 0;
		};
/* End PBXSourcesBuildPhase section */

/* Begin PBXVariantGroup section */
		ADA591D326A6D96600CE59E2 /* LaunchScreen.storyboard */ = {
			isa = PBXVariantGroup;
			children = (
				ADA591D426A6D96600CE59E2 /* Base */,
			);
			name = LaunchScreen.storyboard;
			sourceTree = "<group>";
		};
/* End PBXVariantGroup section */

/* Begin XCBuildConfiguration section */
		ADA591D726A6D96600CE59E2 /* Debug */ = {
			isa = XCBuildConfiguration;
			buildSettings = {
				ALWAYS_SEARCH_USER_PATHS = NO;
				CLANG_ANALYZER_NONNULL = YES;
				CLANG_ANALYZER_NUMBER_OBJECT_CONVERSION = YES_AGGRESSIVE;
				CLANG_CXX_LANGUAGE_STANDARD = "gnu++14";
				CLANG_CXX_LIBRARY = "libc++";
				CLANG_ENABLE_MODULES = YES;
				CLANG_ENABLE_OBJC_ARC = YES;
				CLANG_ENABLE_OBJC_WEAK = YES;
				CLANG_WARN_BLOCK_CAPTURE_AUTORELEASING = YES;
				CLANG_WARN_BOOL_CONVERSION = YES;
				CLANG_WARN_COMMA = YES;
				CLANG_WARN_CONSTANT_CONVERSION = YES;
				CLANG_WARN_DEPRECATED_OBJC_IMPLEMENTATIONS = YES;
				CLANG_WARN_DIRECT_OBJC_ISA_USAGE = YES_ERROR;
				CLANG_WARN_DOCUMENTATION_COMMENTS = YES;
				CLANG_WARN_EMPTY_BODY = YES;
				CLANG_WARN_ENUM_CONVERSION = YES;
				CLANG_WARN_INFINITE_RECURSION = YES;
				CLANG_WARN_INT_CONVERSION = YES;
				CLANG_WARN_NON_LITERAL_NULL_CONVERSION = YES;
				CLANG_WARN_OBJC_IMPLICIT_RETAIN_SELF = YES;
				CLANG_WARN_OBJC_LITERAL_CONVERSION = YES;
				CLANG_WARN_OBJC_ROOT_CLASS = YES_ERROR;
				CLANG_WARN_QUOTED_INCLUDE_IN_FRAMEWORK_HEADER = YES;
				CLANG_WARN_RANGE_LOOP_ANALYSIS = YES;
				CLANG_WARN_STRICT_PROTOTYPES = YES;
				CLANG_WARN_SUSPICIOUS_MOVE = YES;
				CLANG_WARN_UNGUARDED_AVAILABILITY = YES_AGGRESSIVE;
				CLANG_WARN_UNREACHABLE_CODE = YES;
				CLANG_WARN__DUPLICATE_METHOD_MATCH = YES;
				COPY_PHASE_STRIP = NO;
				DEBUG_INFORMATION_FORMAT = dwarf;
				ENABLE_STRICT_OBJC_MSGSEND = YES;
				ENABLE_TESTABILITY = YES;
				GCC_C_LANGUAGE_STANDARD = gnu11;
				GCC_DYNAMIC_NO_PIC = NO;
				GCC_NO_COMMON_BLOCKS = YES;
				GCC_OPTIMIZATION_LEVEL = 0;
				GCC_PREPROCESSOR_DEFINITIONS = (
					"DEBUG=1",
					"$(inherited)",
				);
				GCC_WARN_64_TO_32_BIT_CONVERSION = YES;
				GCC_WARN_ABOUT_RETURN_TYPE = YES_ERROR;
				GCC_WARN_UNDECLARED_SELECTOR = YES;
				GCC_WARN_UNINITIALIZED_AUTOS = YES_AGGRESSIVE;
				GCC_WARN_UNUSED_FUNCTION = YES;
				GCC_WARN_UNUSED_VARIABLE = YES;
				IPHONEOS_DEPLOYMENT_TARGET = 14.0;
				MTL_ENABLE_DEBUG_INFO = INCLUDE_SOURCE;
				MTL_FAST_MATH = YES;
				ONLY_ACTIVE_ARCH = YES;
				SDKROOT = iphoneos;
				SWIFT_ACTIVE_COMPILATION_CONDITIONS = DEBUG;
				SWIFT_OPTIMIZATION_LEVEL = "-Onone";
			};
			name = Debug;
		};
		ADA591D826A6D96600CE59E2 /* Release */ = {
			isa = XCBuildConfiguration;
			buildSettings = {
				ALWAYS_SEARCH_USER_PATHS = NO;
				CLANG_ANALYZER_NONNULL = YES;
				CLANG_ANALYZER_NUMBER_OBJECT_CONVERSION = YES_AGGRESSIVE;
				CLANG_CXX_LANGUAGE_STANDARD = "gnu++14";
				CLANG_CXX_LIBRARY = "libc++";
				CLANG_ENABLE_MODULES = YES;
				CLANG_ENABLE_OBJC_ARC = YES;
				CLANG_ENABLE_OBJC_WEAK = YES;
				CLANG_WARN_BLOCK_CAPTURE_AUTORELEASING = YES;
				CLANG_WARN_BOOL_CONVERSION = YES;
				CLANG_WARN_COMMA = YES;
				CLANG_WARN_CONSTANT_CONVERSION = YES;
				CLANG_WARN_DEPRECATED_OBJC_IMPLEMENTATIONS = YES;
				CLANG_WARN_DIRECT_OBJC_ISA_USAGE = YES_ERROR;
				CLANG_WARN_DOCUMENTATION_COMMENTS = YES;
				CLANG_WARN_EMPTY_BODY = YES;
				CLANG_WARN_ENUM_CONVERSION = YES;
				CLANG_WARN_INFINITE_RECURSION = YES;
				CLANG_WARN_INT_CONVERSION = YES;
				CLANG_WARN_NON_LITERAL_NULL_CONVERSION = YES;
				CLANG_WARN_OBJC_IMPLICIT_RETAIN_SELF = YES;
				CLANG_WARN_OBJC_LITERAL_CONVERSION = YES;
				CLANG_WARN_OBJC_ROOT_CLASS = YES_ERROR;
				CLANG_WARN_QUOTED_INCLUDE_IN_FRAMEWORK_HEADER = YES;
				CLANG_WARN_RANGE_LOOP_ANALYSIS = YES;
				CLANG_WARN_STRICT_PROTOTYPES = YES;
				CLANG_WARN_SUSPICIOUS_MOVE = YES;
				CLANG_WARN_UNGUARDED_AVAILABILITY = YES_AGGRESSIVE;
				CLANG_WARN_UNREACHABLE_CODE = YES;
				CLANG_WARN__DUPLICATE_METHOD_MATCH = YES;
				COPY_PHASE_STRIP = NO;
				DEBUG_INFORMATION_FORMAT = "dwarf-with-dsym";
				ENABLE_NS_ASSERTIONS = NO;
				ENABLE_STRICT_OBJC_MSGSEND = YES;
				GCC_C_LANGUAGE_STANDARD = gnu11;
				GCC_NO_COMMON_BLOCKS = YES;
				GCC_WARN_64_TO_32_BIT_CONVERSION = YES;
				GCC_WARN_ABOUT_RETURN_TYPE = YES_ERROR;
				GCC_WARN_UNDECLARED_SELECTOR = YES;
				GCC_WARN_UNINITIALIZED_AUTOS = YES_AGGRESSIVE;
				GCC_WARN_UNUSED_FUNCTION = YES;
				GCC_WARN_UNUSED_VARIABLE = YES;
				IPHONEOS_DEPLOYMENT_TARGET = 14.0;
				MTL_ENABLE_DEBUG_INFO = NO;
				MTL_FAST_MATH = YES;
				SDKROOT = iphoneos;
				SWIFT_COMPILATION_MODE = wholemodule;
				SWIFT_OPTIMIZATION_LEVEL = "-O";
				VALIDATE_PRODUCT = YES;
			};
			name = Release;
		};
		ADA591DA26A6D96600CE59E2 /* Debug */ = {
			isa = XCBuildConfiguration;
			buildSettings = {
				ASSETCATALOG_COMPILER_APPICON_NAME = AppIcon;
				ASSETCATALOG_COMPILER_GLOBAL_ACCENT_COLOR_NAME = AccentColor;
				CODE_SIGN_STYLE = Automatic;
				DEVELOPMENT_TEAM = P8BYXEZ6KH;
				INFOPLIST_FILE = Looper/Info.plist;
				LD_RUNPATH_SEARCH_PATHS = (
					"$(inherited)",
					"@executable_path/Frameworks",
				);
				PRODUCT_BUNDLE_IDENTIFIER = sexy.bergusman.looper;
				PRODUCT_NAME = "$(TARGET_NAME)";
				SWIFT_VERSION = 5.0;
				TARGETED_DEVICE_FAMILY = 1;
			};
			name = Debug;
		};
		ADA591DB26A6D96600CE59E2 /* Release */ = {
			isa = XCBuildConfiguration;
			buildSettings = {
				ASSETCATALOG_COMPILER_APPICON_NAME = AppIcon;
				ASSETCATALOG_COMPILER_GLOBAL_ACCENT_COLOR_NAME = AccentColor;
				CODE_SIGN_STYLE = Automatic;
				DEVELOPMENT_TEAM = P8BYXEZ6KH;
				INFOPLIST_FILE = Looper/Info.plist;
				LD_RUNPATH_SEARCH_PATHS = (
					"$(inherited)",
					"@executable_path/Frameworks",
				);
				PRODUCT_BUNDLE_IDENTIFIER = sexy.bergusman.looper;
				PRODUCT_NAME = "$(TARGET_NAME)";
				SWIFT_VERSION = 5.0;
				TARGETED_DEVICE_FAMILY = 1;
			};
			name = Release;
		};
/* End XCBuildConfiguration section */

/* Begin XCConfigurationList section */
		ADA591C026A6D96400CE59E2 /* Build configuration list for PBXProject "Looper" */ = {
			isa = XCConfigurationList;
			buildConfigurations = (
				ADA591D726A6D96600CE59E2 /* Debug */,
				ADA591D826A6D96600CE59E2 /* Release */,
			);
			defaultConfigurationIsVisible = 0;
			defaultConfigurationName = Release;
		};
		ADA591D926A6D96600CE59E2 /* Build configuration list for PBXNativeTarget "Looper" */ = {
			isa = XCConfigurationList;
			buildConfigurations = (
				ADA591DA26A6D96600CE59E2 /* Debug */,
				ADA591DB26A6D96600CE59E2 /* Release */,
			);
			defaultConfigurationIsVisible = 0;
			defaultConfigurationName = Release;
		};
/* End XCConfigurationList section */
	};
	rootObject = ADA591BD26A6D96400CE59E2 /* Project object */;
}
